
Microsoft Visual Studio Solution File, Format Version 12.00
# Visual Studio Version 17
VisualStudioVersion = 17.11.35327.3
MinimumVisualStudioVersion = 10.0.40219.1
Project("{FAE04EC0-301F-11D3-BF4B-00C04F79EFBC}") = "CarDealershipApp", "CarDealershipApp\CarDealershipApp.csproj", "{8417B40D-F1EE-489A-8BB1-3D6B8323A1BB}"
EndProject
Global
	GlobalSection(SolutionConfigurationPlatforms) = preSolution
		Debug|Any CPU = Debug|Any CPU
		Release|Any CPU = Release|Any CPU
	EndGlobalSection
	GlobalSection(ProjectConfigurationPlatforms) = postSolution
		{8417B40D-F1EE-489A-8BB1-3D6B8323A1BB}.Debug|Any CPU.ActiveCfg = Debug|Any CPU
		{8417B40D-F1EE-489A-8BB1-3D6B8323A1BB}.Debug|Any CPU.Build.0 = Debug|Any CPU
		{8417B40D-F1EE-489A-8BB1-3D6B8323A1BB}.Release|Any CPU.ActiveCfg = Release|Any CPU
		{8417B40D-F1EE-489A-8BB1-3D6B8323A1BB}.Release|Any CPU.Build.0 = Release|Any CPU
	EndGlobalSection
	GlobalSection(SolutionProperties) = preSolution
		HideSolutionNode = FALSE
	EndGlobalSection
	GlobalSection(ExtensibilityGlobals) = postSolution
		SolutionGuid = {2600D0DA-62E3-46A8-991E-476C8005247D}
	EndGlobalSection
EndGlobal
